
Microsoft Visual Studio Solution File, Format Version 12.00
# Visual Studio Version 17
VisualStudioVersion = 17.9.34622.214
MinimumVisualStudioVersion = 10.0.40219.1
Project("{FAE04EC0-301F-11D3-BF4B-00C04F79EFBC}") = "TronScan", "TronScan\TronScan.csproj", "{3583D9C9-DE85-41F4-AE19-FD0E7886193F}"
EndProject
Global
	GlobalSection(SolutionConfigurationPlatforms) = preSolution
		Debug|Any CPU = Debug|Any CPU
		Release|Any CPU = Release|Any CPU
	EndGlobalSection
	GlobalSection(ProjectConfigurationPlatforms) = postSolution
		{3583D9C9-DE85-41F4-AE19-FD0E7886193F}.Debug|Any CPU.ActiveCfg = Debug|Any CPU
		{3583D9C9-DE85-41F4-AE19-FD0E7886193F}.Debug|Any CPU.Build.0 = Debug|Any CPU
		{3583D9C9-DE85-41F4-AE19-FD0E7886193F}.Release|Any CPU.ActiveCfg = Release|Any CPU
		{3583D9C9-DE85-41F4-AE19-FD0E7886193F}.Release|Any CPU.Build.0 = Release|Any CPU
	EndGlobalSection
	GlobalSection(SolutionProperties) = preSolution
		HideSolutionNode = FALSE
	EndGlobalSection
	GlobalSection(ExtensibilityGlobals) = postSolution
		SolutionGuid = {39A2B4D4-3D9C-4E18-9484-958D84F5068A}
	EndGlobalSection
EndGlobal
